
Microsoft Visual Studio Solution File, Format Version 9.00
# Visual Studio 2005
Project("{8BC9CEB8-8B4A-11D0-8D11-00A0C91BC942}") = "MSI_VerifyUT2K4Dir", "MSI_VerifyUT2K4Dir.vcproj", "{EE794AA6-3CA1-419F-90A5-392139574F49}"
EndProject
Global
	GlobalSection(SolutionConfigurationPlatforms) = preSolution
		Debug|Win32 = Debug|Win32
		Release|Win32 = Release|Win32
	EndGlobalSection
	GlobalSection(ProjectConfigurationPlatforms) = postSolution
		{EE794AA6-3CA1-419F-90A5-392139574F49}.Debug|Win32.ActiveCfg = Debug|Win32
		{EE794AA6-3CA1-419F-90A5-392139574F49}.Debug|Win32.Build.0 = Debug|Win32
		{EE794AA6-3CA1-419F-90A5-392139574F49}.Release|Win32.ActiveCfg = Release|Win32
		{EE794AA6-3CA1-419F-90A5-392139574F49}.Release|Win32.Build.0 = Release|Win32
	EndGlobalSection
	GlobalSection(SolutionProperties) = preSolution
		HideSolutionNode = FALSE
	EndGlobalSection
EndGlobal
